
Microsoft Visual Studio Solution File, Format Version 12.00
# Visual Studio 2013
VisualStudioVersion = 12.0.21005.1
MinimumVisualStudioVersion = 10.0.40219.1
Project("{FAE04EC0-301F-11D3-BF4B-00C04F79EFBC}") = "xDev.Owin.ImageWatermarkMiddleware", "xDev.Owin.ImageWatermarkMiddleware\xDev.Owin.ImageWatermarkMiddleware.csproj", "{D5227A7C-8972-4819-BFB4-390AC0F32B8D}"
EndProject
Project("{FAE04EC0-301F-11D3-BF4B-00C04F79EFBC}") = "xDev.Owin.ImageWatermarkMiddlewareDemo", "xDev.Owin.ImageWatermarkMiddlewareDemo\xDev.Owin.ImageWatermarkMiddlewareDemo.csproj", "{D88CCB82-C4D1-4069-982C-001A3C405128}"
EndProject
Global
	GlobalSection(SolutionConfigurationPlatforms) = preSolution
		Debug|Any CPU = Debug|Any CPU
		Release|Any CPU = Release|Any CPU
	EndGlobalSection
	GlobalSection(ProjectConfigurationPlatforms) = postSolution
		{D5227A7C-8972-4819-BFB4-390AC0F32B8D}.Debug|Any CPU.ActiveCfg = Debug|Any CPU
		{D5227A7C-8972-4819-BFB4-390AC0F32B8D}.Debug|Any CPU.Build.0 = Debug|Any CPU
		{D5227A7C-8972-4819-BFB4-390AC0F32B8D}.Release|Any CPU.ActiveCfg = Release|Any CPU
		{D5227A7C-8972-4819-BFB4-390AC0F32B8D}.Release|Any CPU.Build.0 = Release|Any CPU
		{D88CCB82-C4D1-4069-982C-001A3C405128}.Debug|Any CPU.ActiveCfg = Debug|Any CPU
		{D88CCB82-C4D1-4069-982C-001A3C405128}.Debug|Any CPU.Build.0 = Debug|Any CPU
		{D88CCB82-C4D1-4069-982C-001A3C405128}.Release|Any CPU.ActiveCfg = Release|Any CPU
		{D88CCB82-C4D1-4069-982C-001A3C405128}.Release|Any CPU.Build.0 = Release|Any CPU
	EndGlobalSection
	GlobalSection(SolutionProperties) = preSolution
		HideSolutionNode = FALSE
	EndGlobalSection
EndGlobal
